
Microsoft Visual Studio Solution File, Format Version 12.00
# Visual Studio Version 17
VisualStudioVersion = 17.5.002.0
MinimumVisualStudioVersion = 10.0.40219.1
Project("{9A19103F-16F7-4668-BE54-9A1E7A4F7556}") = "api", "api.csproj", "{B85EC4A6-6301-4563-8201-C3BC23D115A6}"
EndProject
Global
	GlobalSection(SolutionConfigurationPlatforms) = preSolution
		Debug|Any CPU = Debug|Any CPU
		Release|Any CPU = Release|Any CPU
	EndGlobalSection
	GlobalSection(ProjectConfigurationPlatforms) = postSolution
		{B85EC4A6-6301-4563-8201-C3BC23D115A6}.Debug|Any CPU.ActiveCfg = Debug|Any CPU
		{B85EC4A6-6301-4563-8201-C3BC23D115A6}.Debug|Any CPU.Build.0 = Debug|Any CPU
		{B85EC4A6-6301-4563-8201-C3BC23D115A6}.Release|Any CPU.ActiveCfg = Release|Any CPU
		{B85EC4A6-6301-4563-8201-C3BC23D115A6}.Release|Any CPU.Build.0 = Release|Any CPU
	EndGlobalSection
	GlobalSection(SolutionProperties) = preSolution
		HideSolutionNode = FALSE
	EndGlobalSection
	GlobalSection(ExtensibilityGlobals) = postSolution
		SolutionGuid = {DBBC762B-F883-4134-94E6-A76A7B76DED3}
	EndGlobalSection
EndGlobal
